github.com/bwmarrin/discordgo v0.18.0 h1:XopVQXCIFy7Cr2eT7NcYcm4k0l2PYX+AP5RUbIWX2/8=
github.com/bwmarrin/discordgo v0.18.0/go.mod h1:5NIvFv5Z7HddYuXbuQegZ684DleQaCFqChP2iuBivJ8=
github.com/gorilla/websocket v1.4.2 h1:+/TMaTYc4QFitKJxsQ7Yye35DkWvkdLcvGKqM+x0Ufc=
github.com/gorilla/websocket v1.4.2/go.mod h1:YR8l580nyteQvAITg2hZ9XVh4b55+EU/adAjf1fMHhE=
github.com/polarbirds/jako v0.0.0-20180808123101-810f19d30327 h1:7PHhyTQEat14LmInnqPbq595J9WHO0zaqDN3y9pZ8UI=
github.com/polarbirds/jako v0.0.0-20180808123101-810f19d30327/go.mod h1:BOS1QEFfoYOSjdiest06kmM8ER3cG+d5FmMjBwf3oIk=
github.com/sirupsen/logrus v1.0.6 h1:hcP1GmhGigz/O7h1WVUM5KklBp1JoNS9FggWKdj/j3s=
github.com/sirupsen/logrus v1.0.6/go.mod h1:pMByvHTf9Beacp5x1UXfOR9xyW/9antXMhjMPG0dEzc=
golang.org/x/crypto v0.0.0-20180807104621-f027049dab0a h1:PulT0Y50PcfTWomfsD39bSQyVrjjWdIuJKfyR4nOCJw=
golang.org/x/crypto v0.0.0-20180807104621-f027049dab0a/go.mod h1:6SG95UA2DQfeDnfUPMdvaQW0Q7yPrPDi9nlGo2tz2b4=
golang.org/x/sys v0.0.0-20180807162357-acbc56fc7007 h1:UnHxDq9ldm4vol94wlSWDF3SU4IyC8IWVWtg266CzoY=
golang.org/x/sys v0.0.0-20180807162357-acbc56fc7007/go.mod h1:STP8DvDyc/dI5b8T5hshtkjS+E42TnysNCUPdjciGhY=
